
Microsoft Visual Studio Solution File, Format Version 12.00
Project("{FAE04EC0-301F-11D3-BF4B-00C04F79EFBC}") = "CleanCodeDevops.App", "CleanCodeDevops.App\CleanCodeDevops.App.csproj", "{E1D5776B-B525-4299-B6E7-6E6D243E4886}"
EndProject
Project("{FAE04EC0-301F-11D3-BF4B-00C04F79EFBC}") = "CalculatorApp", "CalculatorApp\CalculatorApp.csproj", "{D8C6E337-5B20-44CC-85ED-DBE4EC7F7603}"
EndProject
Project("{FAE04EC0-301F-11D3-BF4B-00C04F79EFBC}") = "CalculatorApp.Tests", "CalculatorApp.Tests\CalculatorApp.Tests.csproj", "{7C96371A-B287-418B-A001-EFF570930131}"
EndProject
Project("{FAE04EC0-301F-11D3-BF4B-00C04F79EFBC}") = "EmployeeAccessDemo", "EmployeeAccessDemo\EmployeeAccessDemo.csproj", "{46EF6F75-161C-4B8B-87C4-AA4C5C70BBE2}"
EndProject
Project("{FAE04EC0-301F-11D3-BF4B-00C04F79EFBC}") = "EmployeeAccessDemo.Tests", "EmployeeAccessDemo.Tests\EmployeeAccessDemo.Tests.csproj", "{55E6D6EE-50E0-4F76-8890-FF11F440DE7D}"
EndProject
Project("{FAE04EC0-301F-11D3-BF4B-00C04F79EFBC}") = "IceCreamMachineApp.Tests", "IceCreamMachineApp.Tests\IceCreamMachineApp.Tests.csproj", "{4ADB19EF-4EF2-4CE3-B948-8C807A0D9960}"
EndProject
Project("{FAE04EC0-301F-11D3-BF4B-00C04F79EFBC}") = "IceCreamMachineApp", "IceCreamMachineApp\IceCreamMachineApp.csproj", "{2327866F-3D33-403C-9254-058A31D58BDD}"
EndProject
Project("{FAE04EC0-301F-11D3-BF4B-00C04F79EFBC}") = "TestabilityDemo.Original", "TestabilityDemo.Original\TestabilityDemo.Original.csproj", "{03AC4119-A82D-4D4F-BEAD-C848EF89868C}"
EndProject
Project("{FAE04EC0-301F-11D3-BF4B-00C04F79EFBC}") = "TestabilityDemo.Core", "TestabilityDemo.Core\TestabilityDemo.Core.csproj", "{54B12D85-3F34-4406-852B-D4D82BD2E872}"
EndProject
Project("{FAE04EC0-301F-11D3-BF4B-00C04F79EFBC}") = "TestabilityDemo.Tests", "TestabilityDemo.Tests\TestabilityDemo.Tests.csproj", "{287D4E8C-5010-4B8F-BF78-E85E5C762C59}"
EndProject
Project("{FAE04EC0-301F-11D3-BF4B-00C04F79EFBC}") = "TodoDemo", "TodoDemo\TodoDemo\TodoDemo.csproj", "{3BF9AF8E-A75C-4480-9F8E-9488439289C2}"
EndProject
Global
	GlobalSection(SolutionConfigurationPlatforms) = preSolution
		Debug|Any CPU = Debug|Any CPU
		Release|Any CPU = Release|Any CPU
	EndGlobalSection
	GlobalSection(ProjectConfigurationPlatforms) = postSolution
		{E1D5776B-B525-4299-B6E7-6E6D243E4886}.Debug|Any CPU.ActiveCfg = Debug|Any CPU
		{E1D5776B-B525-4299-B6E7-6E6D243E4886}.Debug|Any CPU.Build.0 = Debug|Any CPU
		{E1D5776B-B525-4299-B6E7-6E6D243E4886}.Release|Any CPU.ActiveCfg = Release|Any CPU
		{E1D5776B-B525-4299-B6E7-6E6D243E4886}.Release|Any CPU.Build.0 = Release|Any CPU
		{D8C6E337-5B20-44CC-85ED-DBE4EC7F7603}.Debug|Any CPU.ActiveCfg = Debug|Any CPU
		{D8C6E337-5B20-44CC-85ED-DBE4EC7F7603}.Debug|Any CPU.Build.0 = Debug|Any CPU
		{D8C6E337-5B20-44CC-85ED-DBE4EC7F7603}.Release|Any CPU.ActiveCfg = Release|Any CPU
		{D8C6E337-5B20-44CC-85ED-DBE4EC7F7603}.Release|Any CPU.Build.0 = Release|Any CPU
		{7C96371A-B287-418B-A001-EFF570930131}.Debug|Any CPU.ActiveCfg = Debug|Any CPU
		{7C96371A-B287-418B-A001-EFF570930131}.Debug|Any CPU.Build.0 = Debug|Any CPU
		{7C96371A-B287-418B-A001-EFF570930131}.Release|Any CPU.ActiveCfg = Release|Any CPU
		{7C96371A-B287-418B-A001-EFF570930131}.Release|Any CPU.Build.0 = Release|Any CPU
		{46EF6F75-161C-4B8B-87C4-AA4C5C70BBE2}.Debug|Any CPU.ActiveCfg = Debug|Any CPU
		{46EF6F75-161C-4B8B-87C4-AA4C5C70BBE2}.Debug|Any CPU.Build.0 = Debug|Any CPU
		{46EF6F75-161C-4B8B-87C4-AA4C5C70BBE2}.Release|Any CPU.ActiveCfg = Release|Any CPU
		{46EF6F75-161C-4B8B-87C4-AA4C5C70BBE2}.Release|Any CPU.Build.0 = Release|Any CPU
		{55E6D6EE-50E0-4F76-8890-FF11F440DE7D}.Debug|Any CPU.ActiveCfg = Debug|Any CPU
		{55E6D6EE-50E0-4F76-8890-FF11F440DE7D}.Debug|Any CPU.Build.0 = Debug|Any CPU
		{55E6D6EE-50E0-4F76-8890-FF11F440DE7D}.Release|Any CPU.ActiveCfg = Release|Any CPU
		{55E6D6EE-50E0-4F76-8890-FF11F440DE7D}.Release|Any CPU.Build.0 = Release|Any CPU
		{4ADB19EF-4EF2-4CE3-B948-8C807A0D9960}.Debug|Any CPU.ActiveCfg = Debug|Any CPU
		{4ADB19EF-4EF2-4CE3-B948-8C807A0D9960}.Debug|Any CPU.Build.0 = Debug|Any CPU
		{4ADB19EF-4EF2-4CE3-B948-8C807A0D9960}.Release|Any CPU.ActiveCfg = Release|Any CPU
		{4ADB19EF-4EF2-4CE3-B948-8C807A0D9960}.Release|Any CPU.Build.0 = Release|Any CPU
		{2327866F-3D33-403C-9254-058A31D58BDD}.Debug|Any CPU.ActiveCfg = Debug|Any CPU
		{2327866F-3D33-403C-9254-058A31D58BDD}.Debug|Any CPU.Build.0 = Debug|Any CPU
		{2327866F-3D33-403C-9254-058A31D58BDD}.Release|Any CPU.ActiveCfg = Release|Any CPU
		{2327866F-3D33-403C-9254-058A31D58BDD}.Release|Any CPU.Build.0 = Release|Any CPU
		{03AC4119-A82D-4D4F-BEAD-C848EF89868C}.Debug|Any CPU.ActiveCfg = Debug|Any CPU
		{03AC4119-A82D-4D4F-BEAD-C848EF89868C}.Debug|Any CPU.Build.0 = Debug|Any CPU
		{03AC4119-A82D-4D4F-BEAD-C848EF89868C}.Release|Any CPU.ActiveCfg = Release|Any CPU
		{03AC4119-A82D-4D4F-BEAD-C848EF89868C}.Release|Any CPU.Build.0 = Release|Any CPU
		{54B12D85-3F34-4406-852B-D4D82BD2E872}.Debug|Any CPU.ActiveCfg = Debug|Any CPU
		{54B12D85-3F34-4406-852B-D4D82BD2E872}.Debug|Any CPU.Build.0 = Debug|Any CPU
		{54B12D85-3F34-4406-852B-D4D82BD2E872}.Release|Any CPU.ActiveCfg = Release|Any CPU
		{54B12D85-3F34-4406-852B-D4D82BD2E872}.Release|Any CPU.Build.0 = Release|Any CPU
		{287D4E8C-5010-4B8F-BF78-E85E5C762C59}.Debug|Any CPU.ActiveCfg = Debug|Any CPU
		{287D4E8C-5010-4B8F-BF78-E85E5C762C59}.Debug|Any CPU.Build.0 = Debug|Any CPU
		{287D4E8C-5010-4B8F-BF78-E85E5C762C59}.Release|Any CPU.ActiveCfg = Release|Any CPU
		{287D4E8C-5010-4B8F-BF78-E85E5C762C59}.Release|Any CPU.Build.0 = Release|Any CPU
		{3BF9AF8E-A75C-4480-9F8E-9488439289C2}.Debug|Any CPU.ActiveCfg = Debug|Any CPU
		{3BF9AF8E-A75C-4480-9F8E-9488439289C2}.Debug|Any CPU.Build.0 = Debug|Any CPU
		{3BF9AF8E-A75C-4480-9F8E-9488439289C2}.Release|Any CPU.ActiveCfg = Release|Any CPU
		{3BF9AF8E-A75C-4480-9F8E-9488439289C2}.Release|Any CPU.Build.0 = Release|Any CPU
	EndGlobalSection
EndGlobal
